<?xml version="1.0" encoding="utf-8"?>
<Project ToolsVersion="4.0" xmlns="http://schemas.microsoft.com/developer/msbuild/2003">
  <ItemGroup>
    <Filter Include="소스 파일">
      <UniqueIdentifier>{4FC737F1-C7A5-4376-A066-2A32D752A2FF}</UniqueIdentifier>
      <Extensions>cpp;c;cc;cxx;c++;cppm;ixx;def;odl;idl;hpj;bat;asm;asmx</Extensions>
    </Filter>
    <Filter Include="헤더 파일">
      <UniqueIdentifier>{93995380-89BD-4b04-88EB-625FBE52EBFB}</UniqueIdentifier>
      <Extensions>h;hh;hpp;hxx;h++;hm;inl;inc;ipp;xsd</Extensions>
    </Filter>
    <Filter Include="리소스 파일">
      <UniqueIdentifier>{67DA6AB6-F800-4c08-8B7A-83BB121AAD01}</UniqueIdentifier>
      <Extensions>rc;ico;cur;bmp;dlg;rc2;rct;bin;rgs;gif;jpg;jpeg;jpe;resx;tiff;tif;png;wav;mfcribbon-ms</Extensions>
    </Filter>
    <Filter Include="소스 파일\20230426">
      <UniqueIdentifier>{f6d55aba-f366-4b32-8a7b-d8a054acf928}</UniqueIdentifier>
    </Filter>
    <Filter Include="소스 파일\20230427">
      <UniqueIdentifier>{f744ca78-79ca-4d5b-a5f2-52286cd46fe5}</UniqueIdentifier>
    </Filter>
    <Filter Include="소스 파일\20230428">
      <UniqueIdentifier>{9fc58149-5309-4215-be5f-68be97bbe35e}</UniqueIdentifier>
    </Filter>
    <Filter Include="소스 파일\20230501">
      <UniqueIdentifier>{3bcb7589-93e5-494a-a264-fc56def8d15b}</UniqueIdentifier>
    </Filter>
    <Filter Include="소스 파일\20230503">
      <UniqueIdentifier>{7d0ba92a-fc72-4ce1-b422-113957893c79}</UniqueIdentifier>
    </Filter>
    <Filter Include="소스 파일\20230504">
      <UniqueIdentifier>{320ecac5-eb59-4cef-bc6b-9ef41cc9ddb4}</UniqueIdentifier>
    </Filter>
    <Filter Include="소스 파일\20230505">
      <UniqueIdentifier>{fdbfd0ea-b674-4103-b4d1-5b9d23bd87ce}</UniqueIdentifier>
    </Filter>
    <Filter Include="소스 파일\20230508">
      <UniqueIdentifier>{4bd0b503-b3a2-45f7-afa3-eb48ca6b1551}</UniqueIdentifier>
    </Filter>
    <Filter Include="소스 파일\20230510">
      <UniqueIdentifier>{affff54e-1298-426e-a710-a6c063139c4b}</UniqueIdentifier>
    </Filter>
    <Filter Include="소스 파일\20230511">
      <UniqueIdentifier>{57bd32b1-4fbc-4cd1-91f2-6901f41c4fa8}</UniqueIdentifier>
    </Filter>
  </ItemGroup>
  <ItemGroup>
    <ClCompile Include="20230426.c">
      <Filter>소스 파일\20230426</Filter>
    </ClCompile>
    <ClCompile Include="20230427.c">
      <Filter>소스 파일\20230427</Filter>
    </ClCompile>
    <ClCompile Include="20230427_Q1.c">
      <Filter>소스 파일\20230427</Filter>
    </ClCompile>
    <ClCompile Include="20230428.c">
      <Filter>소스 파일\20230428</Filter>
    </ClCompile>
    <ClCompile Include="20230428_Q1.c">
      <Filter>소스 파일\20230428</Filter>
    </ClCompile>
    <ClCompile Include="20230428_Q2.c">
      <Filter>소스 파일\20230428</Filter>
    </ClCompile>
    <ClCompile Include="20230428_Q3.c">
      <Filter>소스 파일\20230428</Filter>
    </ClCompile>
    <ClCompile Include="20230428_Q4.c">
      <Filter>소스 파일\20230428</Filter>
    </ClCompile>
    <ClCompile Include="20230428_Q5.c">
      <Filter>소스 파일\20230428</Filter>
    </ClCompile>
    <ClCompile Include="20230428_Q6.c">
      <Filter>소스 파일\20230428</Filter>
    </ClCompile>
    <ClCompile Include="20230428_Q7.c">
      <Filter>소스 파일\20230428</Filter>
    </ClCompile>
    <ClCompile Include="20230501.c">
      <Filter>소스 파일\20230501</Filter>
    </ClCompile>
    <ClCompile Include="20230501_Q1.c">
      <Filter>소스 파일\20230501</Filter>
    </ClCompile>
    <ClCompile Include="20230501_Q2.c">
      <Filter>소스 파일\20230501</Filter>
    </ClCompile>
    <ClCompile Include="20230501_Q3.c">
      <Filter>소스 파일\20230501</Filter>
    </ClCompile>
    <ClCompile Include="20230501_Q4.c">
      <Filter>소스 파일\20230501</Filter>
    </ClCompile>
    <ClCompile Include="20230501_Q5.c">
      <Filter>소스 파일\20230501</Filter>
    </ClCompile>
    <ClCompile Include="20230503_Q1.c">
      <Filter>소스 파일\20230503</Filter>
    </ClCompile>
    <ClCompile Include="20230503_Q2.c">
      <Filter>소스 파일\20230503</Filter>
    </ClCompile>
    <ClCompile Include="20230503.c">
      <Filter>소스 파일\20230503</Filter>
    </ClCompile>
    <ClCompile Include="20230503_Q3.c">
      <Filter>소스 파일\20230503</Filter>
    </ClCompile>
    <ClCompile Include="20230503_Q4.c">
      <Filter>소스 파일\20230503</Filter>
    </ClCompile>
    <ClCompile Include="20230503_Q5.c">
      <Filter>소스 파일\20230503</Filter>
    </ClCompile>
    <ClCompile Include="20230503_Q6.c">
      <Filter>소스 파일\20230503</Filter>
    </ClCompile>
    <ClCompile Include="20230503_Q7.c">
      <Filter>소스 파일\20230503</Filter>
    </ClCompile>
    <ClCompile Include="20230504.c">
      <Filter>소스 파일\20230504</Filter>
    </ClCompile>
    <ClCompile Include="20230504_Q1.c">
      <Filter>소스 파일\20230504</Filter>
    </ClCompile>
    <ClCompile Include="20230504_Q2.c">
      <Filter>소스 파일\20230504</Filter>
    </ClCompile>
    <ClCompile Include="20230504_Q3.c">
      <Filter>소스 파일\20230504</Filter>
    </ClCompile>
    <ClCompile Include="20230504_Q4.c">
      <Filter>소스 파일\20230504</Filter>
    </ClCompile>
    <ClCompile Include="20230504_Q5.c">
      <Filter>소스 파일\20230504</Filter>
    </ClCompile>
    <ClCompile Include="20230508.c">
      <Filter>소스 파일\20230508</Filter>
    </ClCompile>
    <ClCompile Include="20230505_Q1.c">
      <Filter>소스 파일\20230505</Filter>
    </ClCompile>
    <ClCompile Include="20230508_Q1.c">
      <Filter>소스 파일\20230508</Filter>
    </ClCompile>
    <ClCompile Include="20230508_Q2.c">
      <Filter>소스 파일\20230508</Filter>
    </ClCompile>
    <ClCompile Include="20230505_Q2.c">
      <Filter>소스 파일\20230505</Filter>
    </ClCompile>
    <ClCompile Include="20230505_Q3.c">
      <Filter>소스 파일\20230505</Filter>
    </ClCompile>
    <ClCompile Include="20230505_Q4.c">
      <Filter>소스 파일\20230505</Filter>
    </ClCompile>
    <ClCompile Include="20230510.c">
      <Filter>소스 파일\20230510</Filter>
    </ClCompile>
    <ClCompile Include="20230510_Q1.c">
      <Filter>소스 파일\20230510</Filter>
    </ClCompile>
    <ClCompile Include="20230510_Q2.c">
      <Filter>소스 파일\20230510</Filter>
    </ClCompile>
    <ClCompile Include="20230510_Q3.c">
      <Filter>소스 파일\20230510</Filter>
    </ClCompile>
    <ClCompile Include="20230510_Q4.c">
      <Filter>소스 파일\20230510</Filter>
    </ClCompile>
    <ClCompile Include="20230511_Q1.c">
      <Filter>소스 파일\20230511</Filter>
    </ClCompile>
    <ClCompile Include="20230511.c">
      <Filter>소스 파일\20230511</Filter>
    </ClCompile>
    <ClCompile Include="20230511_Q2.c">
      <Filter>소스 파일\20230511</Filter>
    </ClCompile>
    <ClCompile Include="20230511_Q3.c">
      <Filter>소스 파일\20230511</Filter>
    </ClCompile>
    <ClCompile Include="20230511_Q4.c">
      <Filter>소스 파일\20230511</Filter>
    </ClCompile>
  </ItemGroup>
</Project>